github.com/davecgh/go-spew v1.1.1 h1:vj9j/u1bqnvCEfJOwUhtlOARqs3+rkHYY13jYWTU97c=
github.com/orodrigosouzadev/goexpert-fcutils-secret v0.0.0-20230408170033-5ad7fe38bd6f h1:opeaO9gEftSvEdVktbiZ7Fl+PzePJjIvdJMG+6NNAFo=
github.com/orodrigosouzadev/goexpert-fcutils-secret v0.0.0-20230408170033-5ad7fe38bd6f/go.mod h1:HPK0AM9vEx3V1bMEElxW1yMhXTqh04oIJIb5KPKtUzU=
github.com/pmezard/go-difflib v1.0.0 h1:4DBwDE0NGyQoBHbLQYPwSUPoCMWR5BEzIk/f1lZbAQM=
github.com/stretchr/objx v0.5.0 h1:1zr/of2m5FGMsad5YfcqgdqdWrIhu+EBEJRhR1U7z/c=
github.com/stretchr/testify v1.8.2 h1:+h33VjcLVPDHtOdpUCuF+7gSuG3yGIftsP1YvFihtJ8=
gopkg.in/yaml.v3 v3.0.1 h1:fxVm/GzAzEWqLHuvctI91KS9hhNmmWOoWu0XTYJS7CA=
